{
  "name": "fp-meetup",
  "version": "1.0.0",
  "lockfileVersion": 2,
  "requires": true,
  "packages": {
    "": {
      "name": "fp-meetup",
      "version": "1.0.0",
      "license": "ISC",
      "dependencies": {
        "data.task": "^3.1.2",
        "immutable": "^4.1.0",
        "immutable-ext": "^1.1.5"
      }
    },
    "node_modules/data.task": {
      "version": "3.1.2",
      "resolved": "https://registry.npmjs.org/data.task/-/data.task-3.1.2.tgz",
      "integrity": "sha512-gGDjno8m/FS1kdMU3EmKcLaO1enFyfCV/EscvDZ4+KZDSg9xHePa2VFfWd+QO5PUp18NdCIziOpaSUE4Efw8/w=="
    },
    "node_modules/immutable": {
      "version": "4.1.0",
      "resolved": "https://registry.npmjs.org/immutable/-/immutable-4.1.0.tgz",
      "integrity": "sha512-oNkuqVTA8jqG1Q6c+UglTOD1xhC1BtjKI7XkCXRkZHrN5m18/XsnUp8Q89GkQO/z+0WjonSvl0FLhDYftp46nQ=="
    },
    "node_modules/immutable-ext": {
      "version": "1.1.5",
      "resolved": "https://registry.npmjs.org/immutable-ext/-/immutable-ext-1.1.5.tgz",
      "integrity": "sha512-VU5mTRGNVeI7riw2WJ+C6CMGy84HwireCpNpwCOJbvDNFakm77f3/7/FiOqiHfPxHHBQMzZFaCrybXSSVj6x5Q==",
      "engines": {
        "node": ">=6.2.0"
      },
      "peerDependencies": {
        "immutable": "*"
      }
    }
  },
  "dependencies": {
    "data.task": {
      "version": "3.1.2",
      "resolved": "https://registry.npmjs.org/data.task/-/data.task-3.1.2.tgz",
      "integrity": "sha512-gGDjno8m/FS1kdMU3EmKcLaO1enFyfCV/EscvDZ4+KZDSg9xHePa2VFfWd+QO5PUp18NdCIziOpaSUE4Efw8/w=="
    },
    "immutable": {
      "version": "4.1.0",
      "resolved": "https://registry.npmjs.org/immutable/-/immutable-4.1.0.tgz",
      "integrity": "sha512-oNkuqVTA8jqG1Q6c+UglTOD1xhC1BtjKI7XkCXRkZHrN5m18/XsnUp8Q89GkQO/z+0WjonSvl0FLhDYftp46nQ=="
    },
    "immutable-ext": {
      "version": "1.1.5",
      "resolved": "https://registry.npmjs.org/immutable-ext/-/immutable-ext-1.1.5.tgz",
      "integrity": "sha512-VU5mTRGNVeI7riw2WJ+C6CMGy84HwireCpNpwCOJbvDNFakm77f3/7/FiOqiHfPxHHBQMzZFaCrybXSSVj6x5Q==",
      "requires": {}
    }
  }
}
